
Microsoft Visual Studio Solution File, Format Version 12.00
# Visual Studio Version 17
VisualStudioVersion = 17.4.33403.182
MinimumVisualStudioVersion = 10.0.40219.1
Project("{FAE04EC0-301F-11D3-BF4B-00C04F79EFBC}") = "WebApp-Mugali", "WebApp-Mugali\WebApp-Mugali.csproj", "{463FD2B5-B7C9-47A9-B36E-6FD9A07218DF}"
EndProject
Global
	GlobalSection(SolutionConfigurationPlatforms) = preSolution
		Debug|Any CPU = Debug|Any CPU
		Release|Any CPU = Release|Any CPU
	EndGlobalSection
	GlobalSection(ProjectConfigurationPlatforms) = postSolution
		{463FD2B5-B7C9-47A9-B36E-6FD9A07218DF}.Debug|Any CPU.ActiveCfg = Debug|Any CPU
		{463FD2B5-B7C9-47A9-B36E-6FD9A07218DF}.Debug|Any CPU.Build.0 = Debug|Any CPU
		{463FD2B5-B7C9-47A9-B36E-6FD9A07218DF}.Release|Any CPU.ActiveCfg = Release|Any CPU
		{463FD2B5-B7C9-47A9-B36E-6FD9A07218DF}.Release|Any CPU.Build.0 = Release|Any CPU
	EndGlobalSection
	GlobalSection(SolutionProperties) = preSolution
		HideSolutionNode = FALSE
	EndGlobalSection
	GlobalSection(ExtensibilityGlobals) = postSolution
		SolutionGuid = {90889412-B45E-43E2-96D8-402EB078F711}
	EndGlobalSection
EndGlobal
